// !$*UTF8*$!
{
	archiveVersion = 1;
	classes = {
	};
	objectVersion = 56;
	objects = {

/* Begin PBXBuildFile section */
		A8A22C4E2B5754E900809D03 /* AppDelegate.swift in Sources */ = {isa = PBXBuildFile; fileRef = A8A22C4D2B5754E900809D03 /* AppDelegate.swift */; };
		A8A22C502B5754E900809D03 /* SceneDelegate.swift in Sources */ = {isa = PBXBuildFile; fileRef = A8A22C4F2B5754E900809D03 /* SceneDelegate.swift */; };
		A8A22C522B5754E900809D03 /* ViewController.swift in Sources */ = {isa = PBXBuildFile; fileRef = A8A22C512B5754E900809D03 /* ViewController.swift */; };
		A8A22C552B5754E900809D03 /* Main.storyboard in Resources */ = {isa = PBXBuildFile; fileRef = A8A22C532B5754E900809D03 /* Main.storyboard */; };
		A8A22C572B5754EA00809D03 /* Assets.xcassets in Resources */ = {isa = PBXBuildFile; fileRef = A8A22C562B5754EA00809D03 /* Assets.xcassets */; };
		A8A22C5A2B5754EA00809D03 /* LaunchScreen.storyboard in Resources */ = {isa = PBXBuildFile; fileRef = A8A22C582B5754EA00809D03 /* LaunchScreen.storyboard */; };
		A8A22C632B5756D000809D03 /* Product.swift in Sources */ = {isa = PBXBuildFile; fileRef = A8A22C622B5756D000809D03 /* Product.swift */; };
		A8A22C682B575F7900809D03 /* BaseViewController.swift in Sources */ = {isa = PBXBuildFile; fileRef = A8A22C672B575F7900809D03 /* BaseViewController.swift */; };
		A8A22C6C2B579B2900809D03 /* RecommendViewController.swift in Sources */ = {isa = PBXBuildFile; fileRef = A8A22C6B2B579B2900809D03 /* RecommendViewController.swift */; };
		CB4F85F92B57BBE90065FD60 /* WishListViewController.swift in Sources */ = {isa = PBXBuildFile; fileRef = CB4F85F82B57BBE90065FD60 /* WishListViewController.swift */; };
		B0AD483F2B57A88A009C8D97 /* RankingViewController.swift in Sources */ = {isa = PBXBuildFile; fileRef = B0AD483E2B57A88A009C8D97 /* RankingViewController.swift */; };
/* End PBXBuildFile section */

/* Begin PBXFileReference section */
		A8A22C4A2B5754E900809D03 /* PetshionShow.app */ = {isa = PBXFileReference; explicitFileType = wrapper.application; includeInIndex = 0; path = PetshionShow.app; sourceTree = BUILT_PRODUCTS_DIR; };
		A8A22C4D2B5754E900809D03 /* AppDelegate.swift */ = {isa = PBXFileReference; lastKnownFileType = sourcecode.swift; path = AppDelegate.swift; sourceTree = "<group>"; };
		A8A22C4F2B5754E900809D03 /* SceneDelegate.swift */ = {isa = PBXFileReference; lastKnownFileType = sourcecode.swift; path = SceneDelegate.swift; sourceTree = "<group>"; };
		A8A22C512B5754E900809D03 /* ViewController.swift */ = {isa = PBXFileReference; lastKnownFileType = sourcecode.swift; path = ViewController.swift; sourceTree = "<group>"; };
		A8A22C542B5754E900809D03 /* Base */ = {isa = PBXFileReference; lastKnownFileType = file.storyboard; name = Base; path = Base.lproj/Main.storyboard; sourceTree = "<group>"; };
		A8A22C562B5754EA00809D03 /* Assets.xcassets */ = {isa = PBXFileReference; lastKnownFileType = folder.assetcatalog; path = Assets.xcassets; sourceTree = "<group>"; };
		A8A22C592B5754EA00809D03 /* Base */ = {isa = PBXFileReference; lastKnownFileType = file.storyboard; name = Base; path = Base.lproj/LaunchScreen.storyboard; sourceTree = "<group>"; };
		A8A22C5B2B5754EA00809D03 /* Info.plist */ = {isa = PBXFileReference; lastKnownFileType = text.plist.xml; path = Info.plist; sourceTree = "<group>"; };
		A8A22C622B5756D000809D03 /* Product.swift */ = {isa = PBXFileReference; lastKnownFileType = sourcecode.swift; path = Product.swift; sourceTree = "<group>"; };
		A8A22C672B575F7900809D03 /* BaseViewController.swift */ = {isa = PBXFileReference; lastKnownFileType = sourcecode.swift; path = BaseViewController.swift; sourceTree = "<group>"; };
		A8A22C6B2B579B2900809D03 /* RecommendViewController.swift */ = {isa = PBXFileReference; lastKnownFileType = sourcecode.swift; path = RecommendViewController.swift; sourceTree = "<group>"; };
		CB4F85F82B57BBE90065FD60 /* WishListViewController.swift */ = {isa = PBXFileReference; lastKnownFileType = sourcecode.swift; path = WishListViewController.swift; sourceTree = "<group>"; };
		B0AD483E2B57A88A009C8D97 /* RankingViewController.swift */ = {isa = PBXFileReference; lastKnownFileType = sourcecode.swift; path = RankingViewController.swift; sourceTree = "<group>"; };
/* End PBXFileReference section */

/* Begin PBXFrameworksBuildPhase section */
		A8A22C472B5754E900809D03 /* Frameworks */ = {
			isa = PBXFrameworksBuildPhase;
			buildActionMask = 2147483647;
			files = (
			);
			runOnlyForDeploymentPostprocessing = 0;
		};
/* End PBXFrameworksBuildPhase section */

/* Begin PBXGroup section */
		A8A22C412B5754E900809D03 = {
			isa = PBXGroup;
			children = (
				A8A22C4C2B5754E900809D03 /* PetshionShow */,
				A8A22C4B2B5754E900809D03 /* Products */,
			);
			sourceTree = "<group>";
		};
		A8A22C4B2B5754E900809D03 /* Products */ = {
			isa = PBXGroup;
			children = (
				A8A22C4A2B5754E900809D03 /* PetshionShow.app */,
			);
			name = Products;
			sourceTree = "<group>";
		};
		A8A22C4C2B5754E900809D03 /* PetshionShow */ = {
			isa = PBXGroup;
			children = (
				A8A22C642B575A0900809D03 /* View */,
				A8A22C612B5756C100809D03 /* Model */,
				A8A22C4D2B5754E900809D03 /* AppDelegate.swift */,
				A8A22C4F2B5754E900809D03 /* SceneDelegate.swift */,
				A8A22C532B5754E900809D03 /* Main.storyboard */,
				A8A22C562B5754EA00809D03 /* Assets.xcassets */,
				A8A22C582B5754EA00809D03 /* LaunchScreen.storyboard */,
				A8A22C5B2B5754EA00809D03 /* Info.plist */,
			);
			path = PetshionShow;
			sourceTree = "<group>";
		};
		A8A22C612B5756C100809D03 /* Model */ = {
			isa = PBXGroup;
			children = (
				A8A22C622B5756D000809D03 /* Product.swift */,
			);
			path = Model;
			sourceTree = "<group>";
		};
		A8A22C642B575A0900809D03 /* View */ = {
			isa = PBXGroup;
			children = (
				A8A22C512B5754E900809D03 /* ViewController.swift */,
				A8A22C672B575F7900809D03 /* BaseViewController.swift */,
				A8A22C6B2B579B2900809D03 /* RecommendViewController.swift */,
				CB4F85F82B57BBE90065FD60 /* WishListViewController.swift */,
				B0AD483E2B57A88A009C8D97 /* RankingViewController.swift */,
			);
			path = View;
			sourceTree = "<group>";
		};
/* End PBXGroup section */

/* Begin PBXNativeTarget section */
		A8A22C492B5754E900809D03 /* PetshionShow */ = {
			isa = PBXNativeTarget;
			buildConfigurationList = A8A22C5E2B5754EA00809D03 /* Build configuration list for PBXNativeTarget "PetshionShow" */;
			buildPhases = (
				A8A22C462B5754E900809D03 /* Sources */,
				A8A22C472B5754E900809D03 /* Frameworks */,
				A8A22C482B5754E900809D03 /* Resources */,
			);
			buildRules = (
			);
			dependencies = (
			);
			name = PetshionShow;
			productName = PetshionShow;
			productReference = A8A22C4A2B5754E900809D03 /* PetshionShow.app */;
			productType = "com.apple.product-type.application";
		};
/* End PBXNativeTarget section */

/* Begin PBXProject section */
		A8A22C422B5754E900809D03 /* Project object */ = {
			isa = PBXProject;
			attributes = {
				BuildIndependentTargetsInParallel = 1;
				LastSwiftUpdateCheck = 1500;
				LastUpgradeCheck = 1500;
				TargetAttributes = {
					A8A22C492B5754E900809D03 = {
						CreatedOnToolsVersion = 15.0.1;
					};
				};
			};
			buildConfigurationList = A8A22C452B5754E900809D03 /* Build configuration list for PBXProject "PetshionShow" */;
			compatibilityVersion = "Xcode 14.0";
			developmentRegion = en;
			hasScannedForEncodings = 0;
			knownRegions = (
				en,
				Base,
			);
			mainGroup = A8A22C412B5754E900809D03;
			productRefGroup = A8A22C4B2B5754E900809D03 /* Products */;
			projectDirPath = "";
			projectRoot = "";
			targets = (
				A8A22C492B5754E900809D03 /* PetshionShow */,
			);
		};
/* End PBXProject section */

/* Begin PBXResourcesBuildPhase section */
		A8A22C482B5754E900809D03 /* Resources */ = {
			isa = PBXResourcesBuildPhase;
			buildActionMask = 2147483647;
			files = (
				A8A22C5A2B5754EA00809D03 /* LaunchScreen.storyboard in Resources */,
				A8A22C572B5754EA00809D03 /* Assets.xcassets in Resources */,
				A8A22C552B5754E900809D03 /* Main.storyboard in Resources */,
			);
			runOnlyForDeploymentPostprocessing = 0;
		};
/* End PBXResourcesBuildPhase section */

/* Begin PBXSourcesBuildPhase section */
		A8A22C462B5754E900809D03 /* Sources */ = {
			isa = PBXSourcesBuildPhase;
			buildActionMask = 2147483647;
			files = (
				A8A22C682B575F7900809D03 /* BaseViewController.swift in Sources */,
				CB4F85F92B57BBE90065FD60 /* WishListViewController.swift in Sources */,
				A8A22C522B5754E900809D03 /* ViewController.swift in Sources */,
				A8A22C6C2B579B2900809D03 /* RecommendViewController.swift in Sources */,
				B0AD483F2B57A88A009C8D97 /* RankingViewController.swift in Sources */,
				A8A22C632B5756D000809D03 /* Product.swift in Sources */,
				A8A22C4E2B5754E900809D03 /* AppDelegate.swift in Sources */,
				A8A22C502B5754E900809D03 /* SceneDelegate.swift in Sources */,
			);
			runOnlyForDeploymentPostprocessing = 0;
		};
/* End PBXSourcesBuildPhase section */

/* Begin PBXVariantGroup section */
		A8A22C532B5754E900809D03 /* Main.storyboard */ = {
			isa = PBXVariantGroup;
			children = (
				A8A22C542B5754E900809D03 /* Base */,
			);
			name = Main.storyboard;
			sourceTree = "<group>";
		};
		A8A22C582B5754EA00809D03 /* LaunchScreen.storyboard */ = {
			isa = PBXVariantGroup;
			children = (
				A8A22C592B5754EA00809D03 /* Base */,
			);
			name = LaunchScreen.storyboard;
			sourceTree = "<group>";
		};
/* End PBXVariantGroup section */

/* Begin XCBuildConfiguration section */
		A8A22C5C2B5754EA00809D03 /* Debug */ = {
			isa = XCBuildConfiguration;
			buildSettings = {
				ALWAYS_SEARCH_USER_PATHS = NO;
				ASSETCATALOG_COMPILER_GENERATE_SWIFT_ASSET_SYMBOL_EXTENSIONS = YES;
				CLANG_ANALYZER_NONNULL = YES;
				CLANG_ANALYZER_NUMBER_OBJECT_CONVERSION = YES_AGGRESSIVE;
				CLANG_CXX_LANGUAGE_STANDARD = "gnu++20";
				CLANG_ENABLE_MODULES = YES;
				CLANG_ENABLE_OBJC_ARC = YES;
				CLANG_ENABLE_OBJC_WEAK = YES;
				CLANG_WARN_BLOCK_CAPTURE_AUTORELEASING = YES;
				CLANG_WARN_BOOL_CONVERSION = YES;
				CLANG_WARN_COMMA = YES;
				CLANG_WARN_CONSTANT_CONVERSION = YES;
				CLANG_WARN_DEPRECATED_OBJC_IMPLEMENTATIONS = YES;
				CLANG_WARN_DIRECT_OBJC_ISA_USAGE = YES_ERROR;
				CLANG_WARN_DOCUMENTATION_COMMENTS = YES;
				CLANG_WARN_EMPTY_BODY = YES;
				CLANG_WARN_ENUM_CONVERSION = YES;
				CLANG_WARN_INFINITE_RECURSION = YES;
				CLANG_WARN_INT_CONVERSION = YES;
				CLANG_WARN_NON_LITERAL_NULL_CONVERSION = YES;
				CLANG_WARN_OBJC_IMPLICIT_RETAIN_SELF = YES;
				CLANG_WARN_OBJC_LITERAL_CONVERSION = YES;
				CLANG_WARN_OBJC_ROOT_CLASS = YES_ERROR;
				CLANG_WARN_QUOTED_INCLUDE_IN_FRAMEWORK_HEADER = YES;
				CLANG_WARN_RANGE_LOOP_ANALYSIS = YES;
				CLANG_WARN_STRICT_PROTOTYPES = YES;
				CLANG_WARN_SUSPICIOUS_MOVE = YES;
				CLANG_WARN_UNGUARDED_AVAILABILITY = YES_AGGRESSIVE;
				CLANG_WARN_UNREACHABLE_CODE = YES;
				CLANG_WARN__DUPLICATE_METHOD_MATCH = YES;
				COPY_PHASE_STRIP = NO;
				DEBUG_INFORMATION_FORMAT = dwarf;
				ENABLE_STRICT_OBJC_MSGSEND = YES;
				ENABLE_TESTABILITY = YES;
				ENABLE_USER_SCRIPT_SANDBOXING = YES;
				GCC_C_LANGUAGE_STANDARD = gnu17;
				GCC_DYNAMIC_NO_PIC = NO;
				GCC_NO_COMMON_BLOCKS = YES;
				GCC_OPTIMIZATION_LEVEL = 0;
				GCC_PREPROCESSOR_DEFINITIONS = (
					"DEBUG=1",
					"$(inherited)",
				);
				GCC_WARN_64_TO_32_BIT_CONVERSION = YES;
				GCC_WARN_ABOUT_RETURN_TYPE = YES_ERROR;
				GCC_WARN_UNDECLARED_SELECTOR = YES;
				GCC_WARN_UNINITIALIZED_AUTOS = YES_AGGRESSIVE;
				GCC_WARN_UNUSED_FUNCTION = YES;
				GCC_WARN_UNUSED_VARIABLE = YES;
				IPHONEOS_DEPLOYMENT_TARGET = 17.0;
				LOCALIZATION_PREFERS_STRING_CATALOGS = YES;
				MTL_ENABLE_DEBUG_INFO = INCLUDE_SOURCE;
				MTL_FAST_MATH = YES;
				ONLY_ACTIVE_ARCH = YES;
				SDKROOT = iphoneos;
				SWIFT_ACTIVE_COMPILATION_CONDITIONS = "DEBUG $(inherited)";
				SWIFT_OPTIMIZATION_LEVEL = "-Onone";
			};
			name = Debug;
		};
		A8A22C5D2B5754EA00809D03 /* Release */ = {
			isa = XCBuildConfiguration;
			buildSettings = {
				ALWAYS_SEARCH_USER_PATHS = NO;
				ASSETCATALOG_COMPILER_GENERATE_SWIFT_ASSET_SYMBOL_EXTENSIONS = YES;
				CLANG_ANALYZER_NONNULL = YES;
				CLANG_ANALYZER_NUMBER_OBJECT_CONVERSION = YES_AGGRESSIVE;
				CLANG_CXX_LANGUAGE_STANDARD = "gnu++20";
				CLANG_ENABLE_MODULES = YES;
				CLANG_ENABLE_OBJC_ARC = YES;
				CLANG_ENABLE_OBJC_WEAK = YES;
				CLANG_WARN_BLOCK_CAPTURE_AUTORELEASING = YES;
				CLANG_WARN_BOOL_CONVERSION = YES;
				CLANG_WARN_COMMA = YES;
				CLANG_WARN_CONSTANT_CONVERSION = YES;
				CLANG_WARN_DEPRECATED_OBJC_IMPLEMENTATIONS = YES;
				CLANG_WARN_DIRECT_OBJC_ISA_USAGE = YES_ERROR;
				CLANG_WARN_DOCUMENTATION_COMMENTS = YES;
				CLANG_WARN_EMPTY_BODY = YES;
				CLANG_WARN_ENUM_CONVERSION = YES;
				CLANG_WARN_INFINITE_RECURSION = YES;
				CLANG_WARN_INT_CONVERSION = YES;
				CLANG_WARN_NON_LITERAL_NULL_CONVERSION = YES;
				CLANG_WARN_OBJC_IMPLICIT_RETAIN_SELF = YES;
				CLANG_WARN_OBJC_LITERAL_CONVERSION = YES;
				CLANG_WARN_OBJC_ROOT_CLASS = YES_ERROR;
				CLANG_WARN_QUOTED_INCLUDE_IN_FRAMEWORK_HEADER = YES;
				CLANG_WARN_RANGE_LOOP_ANALYSIS = YES;
				CLANG_WARN_STRICT_PROTOTYPES = YES;
				CLANG_WARN_SUSPICIOUS_MOVE = YES;
				CLANG_WARN_UNGUARDED_AVAILABILITY = YES_AGGRESSIVE;
				CLANG_WARN_UNREACHABLE_CODE = YES;
				CLANG_WARN__DUPLICATE_METHOD_MATCH = YES;
				COPY_PHASE_STRIP = NO;
				DEBUG_INFORMATION_FORMAT = "dwarf-with-dsym";
				ENABLE_NS_ASSERTIONS = NO;
				ENABLE_STRICT_OBJC_MSGSEND = YES;
				ENABLE_USER_SCRIPT_SANDBOXING = YES;
				GCC_C_LANGUAGE_STANDARD = gnu17;
				GCC_NO_COMMON_BLOCKS = YES;
				GCC_WARN_64_TO_32_BIT_CONVERSION = YES;
				GCC_WARN_ABOUT_RETURN_TYPE = YES_ERROR;
				GCC_WARN_UNDECLARED_SELECTOR = YES;
				GCC_WARN_UNINITIALIZED_AUTOS = YES_AGGRESSIVE;
				GCC_WARN_UNUSED_FUNCTION = YES;
				GCC_WARN_UNUSED_VARIABLE = YES;
				IPHONEOS_DEPLOYMENT_TARGET = 17.0;
				LOCALIZATION_PREFERS_STRING_CATALOGS = YES;
				MTL_ENABLE_DEBUG_INFO = NO;
				MTL_FAST_MATH = YES;
				SDKROOT = iphoneos;
				SWIFT_COMPILATION_MODE = wholemodule;
				VALIDATE_PRODUCT = YES;
			};
			name = Release;
		};
		A8A22C5F2B5754EA00809D03 /* Debug */ = {
			isa = XCBuildConfiguration;
			buildSettings = {
				ASSETCATALOG_COMPILER_APPICON_NAME = AppIcon;
				ASSETCATALOG_COMPILER_GLOBAL_ACCENT_COLOR_NAME = AccentColor;
				CODE_SIGN_STYLE = Automatic;
				CURRENT_PROJECT_VERSION = 1;
				DEVELOPMENT_TEAM = 5B94TFMJJ4;
				GENERATE_INFOPLIST_FILE = YES;
				INFOPLIST_FILE = PetshionShow/Info.plist;
				INFOPLIST_KEY_UIApplicationSupportsIndirectInputEvents = YES;
				INFOPLIST_KEY_UILaunchStoryboardName = LaunchScreen;
				INFOPLIST_KEY_UIMainStoryboardFile = Main;
				INFOPLIST_KEY_UISupportedInterfaceOrientations_iPad = "UIInterfaceOrientationPortrait UIInterfaceOrientationPortraitUpsideDown UIInterfaceOrientationLandscapeLeft UIInterfaceOrientationLandscapeRight";
				INFOPLIST_KEY_UISupportedInterfaceOrientations_iPhone = "UIInterfaceOrientationPortrait UIInterfaceOrientationLandscapeLeft UIInterfaceOrientationLandscapeRight";
				LD_RUNPATH_SEARCH_PATHS = (
					"$(inherited)",
					"@executable_path/Frameworks",
				);
				MARKETING_VERSION = 1.0;
				PRODUCT_BUNDLE_IDENTIFIER = com.jungin.PetshionShow;
				PRODUCT_NAME = "$(TARGET_NAME)";
				SUPPORTED_PLATFORMS = "iphoneos iphonesimulator";
				SUPPORTS_MACCATALYST = NO;
				SUPPORTS_MAC_DESIGNED_FOR_IPHONE_IPAD = NO;
				SWIFT_EMIT_LOC_STRINGS = YES;
				SWIFT_VERSION = 5.0;
				TARGETED_DEVICE_FAMILY = "1,2";
			};
			name = Debug;
		};
		A8A22C602B5754EA00809D03 /* Release */ = {
			isa = XCBuildConfiguration;
			buildSettings = {
				ASSETCATALOG_COMPILER_APPICON_NAME = AppIcon;
				ASSETCATALOG_COMPILER_GLOBAL_ACCENT_COLOR_NAME = AccentColor;
				CODE_SIGN_STYLE = Automatic;
				CURRENT_PROJECT_VERSION = 1;
				DEVELOPMENT_TEAM = 5B94TFMJJ4;
				GENERATE_INFOPLIST_FILE = YES;
				INFOPLIST_FILE = PetshionShow/Info.plist;
				INFOPLIST_KEY_UIApplicationSupportsIndirectInputEvents = YES;
				INFOPLIST_KEY_UILaunchStoryboardName = LaunchScreen;
				INFOPLIST_KEY_UIMainStoryboardFile = Main;
				INFOPLIST_KEY_UISupportedInterfaceOrientations_iPad = "UIInterfaceOrientationPortrait UIInterfaceOrientationPortraitUpsideDown UIInterfaceOrientationLandscapeLeft UIInterfaceOrientationLandscapeRight";
				INFOPLIST_KEY_UISupportedInterfaceOrientations_iPhone = "UIInterfaceOrientationPortrait UIInterfaceOrientationLandscapeLeft UIInterfaceOrientationLandscapeRight";
				LD_RUNPATH_SEARCH_PATHS = (
					"$(inherited)",
					"@executable_path/Frameworks",
				);
				MARKETING_VERSION = 1.0;
				PRODUCT_BUNDLE_IDENTIFIER = com.jungin.PetshionShow;
				PRODUCT_NAME = "$(TARGET_NAME)";
				SUPPORTED_PLATFORMS = "iphoneos iphonesimulator";
				SUPPORTS_MACCATALYST = NO;
				SUPPORTS_MAC_DESIGNED_FOR_IPHONE_IPAD = NO;
				SWIFT_EMIT_LOC_STRINGS = YES;
				SWIFT_VERSION = 5.0;
				TARGETED_DEVICE_FAMILY = "1,2";
			};
			name = Release;
		};
/* End XCBuildConfiguration section */

/* Begin XCConfigurationList section */
		A8A22C452B5754E900809D03 /* Build configuration list for PBXProject "PetshionShow" */ = {
			isa = XCConfigurationList;
			buildConfigurations = (
				A8A22C5C2B5754EA00809D03 /* Debug */,
				A8A22C5D2B5754EA00809D03 /* Release */,
			);
			defaultConfigurationIsVisible = 0;
			defaultConfigurationName = Release;
		};
		A8A22C5E2B5754EA00809D03 /* Build configuration list for PBXNativeTarget "PetshionShow" */ = {
			isa = XCConfigurationList;
			buildConfigurations = (
				A8A22C5F2B5754EA00809D03 /* Debug */,
				A8A22C602B5754EA00809D03 /* Release */,
			);
			defaultConfigurationIsVisible = 0;
			defaultConfigurationName = Release;
		};
/* End XCConfigurationList section */
	};
	rootObject = A8A22C422B5754E900809D03 /* Project object */;
}
